
Microsoft Visual Studio Solution File, Format Version 12.00
# Visual Studio Version 17
VisualStudioVersion = 17.7.34031.279
MinimumVisualStudioVersion = 10.0.40219.1
Project("{8BC9CEB8-8B4A-11D0-8D11-00A0C91BC942}") = "UP - PRAKTKUM 11", "UP - PRAKTKUM 11.vcxproj", "{99AE5D35-8A8E-40D3-B28B-4CC17505E707}"
EndProject
Global
	GlobalSection(SolutionConfigurationPlatforms) = preSolution
		Debug|x64 = Debug|x64
		Debug|x86 = Debug|x86
		Release|x64 = Release|x64
		Release|x86 = Release|x86
	EndGlobalSection
	GlobalSection(ProjectConfigurationPlatforms) = postSolution
		{99AE5D35-8A8E-40D3-B28B-4CC17505E707}.Debug|x64.ActiveCfg = Debug|x64
		{99AE5D35-8A8E-40D3-B28B-4CC17505E707}.Debug|x64.Build.0 = Debug|x64
		{99AE5D35-8A8E-40D3-B28B-4CC17505E707}.Debug|x86.ActiveCfg = Debug|Win32
		{99AE5D35-8A8E-40D3-B28B-4CC17505E707}.Debug|x86.Build.0 = Debug|Win32
		{99AE5D35-8A8E-40D3-B28B-4CC17505E707}.Release|x64.ActiveCfg = Release|x64
		{99AE5D35-8A8E-40D3-B28B-4CC17505E707}.Release|x64.Build.0 = Release|x64
		{99AE5D35-8A8E-40D3-B28B-4CC17505E707}.Release|x86.ActiveCfg = Release|Win32
		{99AE5D35-8A8E-40D3-B28B-4CC17505E707}.Release|x86.Build.0 = Release|Win32
	EndGlobalSection
	GlobalSection(SolutionProperties) = preSolution
		HideSolutionNode = FALSE
	EndGlobalSection
	GlobalSection(ExtensibilityGlobals) = postSolution
		SolutionGuid = {EA361755-8EC6-4648-8CF5-B804FA9920BA}
	EndGlobalSection
EndGlobal
